
Microsoft Visual Studio Solution File, Format Version 12.00
# Visual Studio Version 17
VisualStudioVersion = 17.14.36221.1
MinimumVisualStudioVersion = 10.0.40219.1
Project("{FAE04EC0-301F-11D3-BF4B-00C04F79EFBC}") = "GestionProduit", "GestionProduit.csproj", "{2B57AAFE-3468-4F87-B880-D459B35EE251}"
EndProject
Project("{FAE04EC0-301F-11D3-BF4B-00C04F79EFBC}") = "GestionProduit.Core", "..\GestionProduit.Core\GestionProduit.Core.csproj", "{6395C847-D741-48B0-AECB-C97CE216798B}"
EndProject
Global
	GlobalSection(SolutionConfigurationPlatforms) = preSolution
		Debug|Any CPU = Debug|Any CPU
		Release|Any CPU = Release|Any CPU
	EndGlobalSection
	GlobalSection(ProjectConfigurationPlatforms) = postSolution
		{2B57AAFE-3468-4F87-B880-D459B35EE251}.Debug|Any CPU.ActiveCfg = Debug|Any CPU
		{2B57AAFE-3468-4F87-B880-D459B35EE251}.Debug|Any CPU.Build.0 = Debug|Any CPU
		{2B57AAFE-3468-4F87-B880-D459B35EE251}.Release|Any CPU.ActiveCfg = Release|Any CPU
		{2B57AAFE-3468-4F87-B880-D459B35EE251}.Release|Any CPU.Build.0 = Release|Any CPU
		{6395C847-D741-48B0-AECB-C97CE216798B}.Debug|Any CPU.ActiveCfg = Debug|Any CPU
		{6395C847-D741-48B0-AECB-C97CE216798B}.Debug|Any CPU.Build.0 = Debug|Any CPU
		{6395C847-D741-48B0-AECB-C97CE216798B}.Release|Any CPU.ActiveCfg = Release|Any CPU
		{6395C847-D741-48B0-AECB-C97CE216798B}.Release|Any CPU.Build.0 = Release|Any CPU
	EndGlobalSection
	GlobalSection(SolutionProperties) = preSolution
		HideSolutionNode = FALSE
	EndGlobalSection
	GlobalSection(ExtensibilityGlobals) = postSolution
		SolutionGuid = {0219976B-2795-4996-954C-4D8F93339BB6}
	EndGlobalSection
EndGlobal
